{
    "requires": true,
    "lockfileVersion": 1,
    "dependencies": {
        "gridjs-vue": {
            "version": "5.0.4",
            "resolved": "https://registry.npmjs.org/gridjs-vue/-/gridjs-vue-5.0.4.tgz",
            "integrity": "sha512-g1XS7uaUcgKzezgyEAn2GvGCd3Pi8x9SHoSrbSV9M5FP46udAzVR97Qs7eH9duuAoRDCNrILiJ3uJS+sTNeN8Q=="
        }
    }
}
